
Microsoft Visual Studio Solution File, Format Version 12.00
# Visual Studio 15
VisualStudioVersion = 15.0.28307.539
MinimumVisualStudioVersion = 10.0.40219.1
Project("{8BC9CEB8-8B4A-11D0-8D11-00A0C91BC942}") = "Lesson1", "Lesson1\Lesson1.vcxproj", "{CEEF80AC-1953-42B9-B329-B1174800A163}"
EndProject
Global
	GlobalSection(SolutionConfigurationPlatforms) = preSolution
		Debug|x64 = Debug|x64
		Debug|x86 = Debug|x86
		Release|x64 = Release|x64
		Release|x86 = Release|x86
	EndGlobalSection
	GlobalSection(ProjectConfigurationPlatforms) = postSolution
		{CEEF80AC-1953-42B9-B329-B1174800A163}.Debug|x64.ActiveCfg = Debug|x64
		{CEEF80AC-1953-42B9-B329-B1174800A163}.Debug|x64.Build.0 = Debug|x64
		{CEEF80AC-1953-42B9-B329-B1174800A163}.Debug|x86.ActiveCfg = Debug|Win32
		{CEEF80AC-1953-42B9-B329-B1174800A163}.Debug|x86.Build.0 = Debug|Win32
		{CEEF80AC-1953-42B9-B329-B1174800A163}.Release|x64.ActiveCfg = Release|x64
		{CEEF80AC-1953-42B9-B329-B1174800A163}.Release|x64.Build.0 = Release|x64
		{CEEF80AC-1953-42B9-B329-B1174800A163}.Release|x86.ActiveCfg = Release|Win32
		{CEEF80AC-1953-42B9-B329-B1174800A163}.Release|x86.Build.0 = Release|Win32
	EndGlobalSection
	GlobalSection(SolutionProperties) = preSolution
		HideSolutionNode = FALSE
	EndGlobalSection
	GlobalSection(ExtensibilityGlobals) = postSolution
		SolutionGuid = {183F6634-BE6F-4FC1-A164-1FA178571581}
	EndGlobalSection
EndGlobal
